
Microsoft Visual Studio Solution File, Format Version 12.00
# Visual Studio Version 17
VisualStudioVersion = 17.14.36203.30 d17.14
MinimumVisualStudioVersion = 10.0.40219.1
Project("{FAE04EC0-301F-11D3-BF4B-00C04F79EFBC}") = "CatApllication", "CatApllication\CatApllication.csproj", "{640A89B2-73E7-482B-8D41-3B3612820BFC}"
EndProject
Global
	GlobalSection(SolutionConfigurationPlatforms) = preSolution
		Debug|Any CPU = Debug|Any CPU
		Release|Any CPU = Release|Any CPU
	EndGlobalSection
	GlobalSection(ProjectConfigurationPlatforms) = postSolution
		{640A89B2-73E7-482B-8D41-3B3612820BFC}.Debug|Any CPU.ActiveCfg = Debug|Any CPU
		{640A89B2-73E7-482B-8D41-3B3612820BFC}.Debug|Any CPU.Build.0 = Debug|Any CPU
		{640A89B2-73E7-482B-8D41-3B3612820BFC}.Release|Any CPU.ActiveCfg = Release|Any CPU
		{640A89B2-73E7-482B-8D41-3B3612820BFC}.Release|Any CPU.Build.0 = Release|Any CPU
	EndGlobalSection
	GlobalSection(SolutionProperties) = preSolution
		HideSolutionNode = FALSE
	EndGlobalSection
	GlobalSection(ExtensibilityGlobals) = postSolution
		SolutionGuid = {053C123F-8448-4839-B463-36276804FE92}
	EndGlobalSection
EndGlobal
