
Microsoft Visual Studio Solution File, Format Version 12.00
# Visual Studio Version 17
VisualStudioVersion = 17.14.36203.30 d17.14
MinimumVisualStudioVersion = 10.0.40219.1
Project("{FAE04EC0-301F-11D3-BF4B-00C04F79EFBC}") = "EcoLoop", "EcoLoop\EcoLoop.csproj", "{F69B599F-6C5A-43D5-B881-2668A819DC7B}"
EndProject
Global
	GlobalSection(SolutionConfigurationPlatforms) = preSolution
		Debug|Any CPU = Debug|Any CPU
		Release|Any CPU = Release|Any CPU
	EndGlobalSection
	GlobalSection(ProjectConfigurationPlatforms) = postSolution
		{F69B599F-6C5A-43D5-B881-2668A819DC7B}.Debug|Any CPU.ActiveCfg = Debug|Any CPU
		{F69B599F-6C5A-43D5-B881-2668A819DC7B}.Debug|Any CPU.Build.0 = Debug|Any CPU
		{F69B599F-6C5A-43D5-B881-2668A819DC7B}.Release|Any CPU.ActiveCfg = Release|Any CPU
		{F69B599F-6C5A-43D5-B881-2668A819DC7B}.Release|Any CPU.Build.0 = Release|Any CPU
	EndGlobalSection
	GlobalSection(SolutionProperties) = preSolution
		HideSolutionNode = FALSE
	EndGlobalSection
	GlobalSection(ExtensibilityGlobals) = postSolution
		SolutionGuid = {E3AEDB0D-12D3-4B80-BFBE-187CB6988485}
	EndGlobalSection
EndGlobal
